
Microsoft Visual Studio Solution File, Format Version 12.00
# Visual Studio Version 16
VisualStudioVersion = 16.0.31613.86
MinimumVisualStudioVersion = 10.0.40219.1
Project("{8BC9CEB8-8B4A-11D0-8D11-00A0C91BC942}") = "Chat_client", "code\Chat_client\Chat_client.vcxproj", "{C79D939A-D4BE-4554-A86C-9AB34BF4693A}"
EndProject
Project("{8BC9CEB8-8B4A-11D0-8D11-00A0C91BC942}") = "Chat_server", "code\Chat_server\Chat_server.vcxproj", "{7851DAD9-AF7E-4682-8DC5-4CAC96FECF21}"
EndProject
Project("{8BC9CEB8-8B4A-11D0-8D11-00A0C91BC942}") = "Socket_client", "code\Socket_client\Socket_client.vcxproj", "{71EE06FB-4A53-4FDC-8283-E1FBBF8A8C45}"
EndProject
Project("{8BC9CEB8-8B4A-11D0-8D11-00A0C91BC942}") = "Socket_server", "code\Socket_server\Socket_server.vcxproj", "{8C78EA9F-CBE0-4EB2-824B-35313AD6C683}"
EndProject
Project("{8BC9CEB8-8B4A-11D0-8D11-00A0C91BC942}") = "Packet_server", "code\Packet_server\Packet_server.vcxproj", "{17D2D55B-47E3-48A0-AA28-23489BD74F74}"
EndProject
Project("{2150E333-8FDC-42A3-9474-1A3956D46DE8}") = "03) Packet", "03) Packet", "{B1E9D326-DF12-4BB4-91E2-0A97D0BC0B92}"
EndProject
Project("{2150E333-8FDC-42A3-9474-1A3956D46DE8}") = "01) Socket-echo", "01) Socket-echo", "{EF11A7AF-8E59-4B6B-AE91-5432AF6354B6}"
EndProject
Project("{2150E333-8FDC-42A3-9474-1A3956D46DE8}") = "02) Chat", "02) Chat", "{8FAD4C80-6E6C-40A7-9077-4F66039CF2ED}"
EndProject
Project("{2150E333-8FDC-42A3-9474-1A3956D46DE8}") = "3. Server", "3. Server", "{691CAFEB-F300-45F2-B5FF-0A4B397A13AC}"
EndProject
Project("{2150E333-8FDC-42A3-9474-1A3956D46DE8}") = "00) lib", "00) lib", "{30A97A84-E127-42E2-918D-BBB121967D31}"
EndProject
Project("{8BC9CEB8-8B4A-11D0-8D11-00A0C91BC942}") = "Select_client", "code\Select_client\Select_client.vcxproj", "{7B5551AF-7746-4DF9-9106-95776C6E5216}"
EndProject
Project("{8BC9CEB8-8B4A-11D0-8D11-00A0C91BC942}") = "Select_server", "code\Select_server\Select_server.vcxproj", "{6ACC5023-0C0C-4300-9F95-08456955B212}"
EndProject
Project("{2150E333-8FDC-42A3-9474-1A3956D46DE8}") = "04) Select", "04) Select", "{01CA58FD-E518-4BE9-B2C5-3935D849B9D6}"
EndProject
Project("{8BC9CEB8-8B4A-11D0-8D11-00A0C91BC942}") = "Packet_client", "code\Packet_client\Packet_client.vcxproj", "{E32E2A06-4752-4BDC-86E0-8E449D29247F}"
EndProject
Project("{2150E333-8FDC-42A3-9474-1A3956D46DE8}") = "05) Tread", "05) Tread", "{62C2A1CB-A970-4067-9D7F-4D3E1EFD2AAB}"
EndProject
Project("{2150E333-8FDC-42A3-9474-1A3956D46DE8}") = "06) AsyncIO", "06) AsyncIO", "{12D01330-80C8-46D2-8E6A-AD7C7D220FE6}"
EndProject
Project("{8BC9CEB8-8B4A-11D0-8D11-00A0C91BC942}") = "Core3D", "code\Core3D\Core3D.vcxproj", "{1CA9391C-B30B-4B49-A203-7AFE42812A3B}"
EndProject
Project("{8BC9CEB8-8B4A-11D0-8D11-00A0C91BC942}") = "CoreNet", "code\CoreNet\CoreNet.vcxproj", "{0A7EBC99-EFDD-491F-B7D6-9DA021F0F0AC}"
EndProject
Project("{8BC9CEB8-8B4A-11D0-8D11-00A0C91BC942}") = "CoreServer", "code\CoreServer\CoreServer.vcxproj", "{5289627C-A133-497E-A414-A3A811EC5922}"
EndProject
Project("{8BC9CEB8-8B4A-11D0-8D11-00A0C91BC942}") = "Thread_server", "code\Thread_server\Thread_server.vcxproj", "{41008355-A74A-44CC-AFCD-EB8E41E5D393}"
EndProject
Project("{8BC9CEB8-8B4A-11D0-8D11-00A0C91BC942}") = "Thread_client", "code\Thread_client\Thread_client.vcxproj", "{C4DD3AE9-7EA8-44F9-B8B7-252B7D93515C}"
EndProject
Project("{2150E333-8FDC-42A3-9474-1A3956D46DE8}") = "test", "test", "{AD09D710-5FEF-425A-BE84-E36569CD9AD7}"
EndProject
Project("{8BC9CEB8-8B4A-11D0-8D11-00A0C91BC942}") = "Test_client", "code\Test_client\Test_client.vcxproj", "{0453B82D-29B4-4C2C-9FA3-00B899AAB65F}"
EndProject
Project("{8BC9CEB8-8B4A-11D0-8D11-00A0C91BC942}") = "Test_server", "code\Test_server\Test_server.vcxproj", "{6A0D6616-5785-48EF-9A84-D3B7390347ED}"
EndProject
Project("{8BC9CEB8-8B4A-11D0-8D11-00A0C91BC942}") = "AsyncIO", "code\AsyncIO\AsyncIO.vcxproj", "{5A8E1E4C-596C-478E-8DF1-F3A99577EB00}"
EndProject
Project("{8BC9CEB8-8B4A-11D0-8D11-00A0C91BC942}") = "AsyncIOBlock", "code\AsyncIOBlock\AsyncIOBlock.vcxproj", "{B7B7036B-AE10-464B-95C2-D9BC521C55D4}"
EndProject
Project("{2150E333-8FDC-42A3-9474-1A3956D46DE8}") = "lib - test", "lib - test", "{1426807E-5D55-428D-8EE9-CD841C56CD53}"
EndProject
Project("{2150E333-8FDC-42A3-9474-1A3956D46DE8}") = "1", "1", "{12E8CB77-7742-49E9-A013-2B195BE17CF3}"
EndProject
Project("{2150E333-8FDC-42A3-9474-1A3956D46DE8}") = "2", "2", "{8C691134-057A-42C6-996E-CE7B7ED74847}"
EndProject
Project("{8BC9CEB8-8B4A-11D0-8D11-00A0C91BC942}") = "client", "code\client\client.vcxproj", "{F8EE55A4-E1CC-41BD-B3E3-FCD7B344B45F}"
EndProject
Project("{8BC9CEB8-8B4A-11D0-8D11-00A0C91BC942}") = "server", "code\server\server.vcxproj", "{251BF3F1-7BE2-4DE0-9317-17D11F317AB7}"
EndProject
Project("{8BC9CEB8-8B4A-11D0-8D11-00A0C91BC942}") = "lib", "code\lib\lib.vcxproj", "{6EAD1828-2167-47E3-A637-DDE335D72F1F}"
EndProject
Global
	GlobalSection(SolutionConfigurationPlatforms) = preSolution
		Debug|x64 = Debug|x64
		Debug|x86 = Debug|x86
		Release|x64 = Release|x64
		Release|x86 = Release|x86
	EndGlobalSection
	GlobalSection(ProjectConfigurationPlatforms) = postSolution
		{C79D939A-D4BE-4554-A86C-9AB34BF4693A}.Debug|x64.ActiveCfg = Debug|x64
		{C79D939A-D4BE-4554-A86C-9AB34BF4693A}.Debug|x64.Build.0 = Debug|x64
		{C79D939A-D4BE-4554-A86C-9AB34BF4693A}.Debug|x86.ActiveCfg = Debug|Win32
		{C79D939A-D4BE-4554-A86C-9AB34BF4693A}.Debug|x86.Build.0 = Debug|Win32
		{C79D939A-D4BE-4554-A86C-9AB34BF4693A}.Release|x64.ActiveCfg = Release|x64
		{C79D939A-D4BE-4554-A86C-9AB34BF4693A}.Release|x64.Build.0 = Release|x64
		{C79D939A-D4BE-4554-A86C-9AB34BF4693A}.Release|x86.ActiveCfg = Release|Win32
		{C79D939A-D4BE-4554-A86C-9AB34BF4693A}.Release|x86.Build.0 = Release|Win32
		{7851DAD9-AF7E-4682-8DC5-4CAC96FECF21}.Debug|x64.ActiveCfg = Debug|x64
		{7851DAD9-AF7E-4682-8DC5-4CAC96FECF21}.Debug|x64.Build.0 = Debug|x64
		{7851DAD9-AF7E-4682-8DC5-4CAC96FECF21}.Debug|x86.ActiveCfg = Debug|Win32
		{7851DAD9-AF7E-4682-8DC5-4CAC96FECF21}.Debug|x86.Build.0 = Debug|Win32
		{7851DAD9-AF7E-4682-8DC5-4CAC96FECF21}.Release|x64.ActiveCfg = Release|x64
		{7851DAD9-AF7E-4682-8DC5-4CAC96FECF21}.Release|x64.Build.0 = Release|x64
		{7851DAD9-AF7E-4682-8DC5-4CAC96FECF21}.Release|x86.ActiveCfg = Release|Win32
		{7851DAD9-AF7E-4682-8DC5-4CAC96FECF21}.Release|x86.Build.0 = Release|Win32
		{71EE06FB-4A53-4FDC-8283-E1FBBF8A8C45}.Debug|x64.ActiveCfg = Debug|x64
		{71EE06FB-4A53-4FDC-8283-E1FBBF8A8C45}.Debug|x64.Build.0 = Debug|x64
		{71EE06FB-4A53-4FDC-8283-E1FBBF8A8C45}.Debug|x86.ActiveCfg = Debug|Win32
		{71EE06FB-4A53-4FDC-8283-E1FBBF8A8C45}.Debug|x86.Build.0 = Debug|Win32
		{71EE06FB-4A53-4FDC-8283-E1FBBF8A8C45}.Release|x64.ActiveCfg = Release|x64
		{71EE06FB-4A53-4FDC-8283-E1FBBF8A8C45}.Release|x64.Build.0 = Release|x64
		{71EE06FB-4A53-4FDC-8283-E1FBBF8A8C45}.Release|x86.ActiveCfg = Release|Win32
		{71EE06FB-4A53-4FDC-8283-E1FBBF8A8C45}.Release|x86.Build.0 = Release|Win32
		{8C78EA9F-CBE0-4EB2-824B-35313AD6C683}.Debug|x64.ActiveCfg = Debug|x64
		{8C78EA9F-CBE0-4EB2-824B-35313AD6C683}.Debug|x64.Build.0 = Debug|x64
		{8C78EA9F-CBE0-4EB2-824B-35313AD6C683}.Debug|x86.ActiveCfg = Debug|Win32
		{8C78EA9F-CBE0-4EB2-824B-35313AD6C683}.Debug|x86.Build.0 = Debug|Win32
		{8C78EA9F-CBE0-4EB2-824B-35313AD6C683}.Release|x64.ActiveCfg = Release|x64
		{8C78EA9F-CBE0-4EB2-824B-35313AD6C683}.Release|x64.Build.0 = Release|x64
		{8C78EA9F-CBE0-4EB2-824B-35313AD6C683}.Release|x86.ActiveCfg = Release|Win32
		{8C78EA9F-CBE0-4EB2-824B-35313AD6C683}.Release|x86.Build.0 = Release|Win32
		{17D2D55B-47E3-48A0-AA28-23489BD74F74}.Debug|x64.ActiveCfg = Debug|x64
		{17D2D55B-47E3-48A0-AA28-23489BD74F74}.Debug|x64.Build.0 = Debug|x64
		{17D2D55B-47E3-48A0-AA28-23489BD74F74}.Debug|x86.ActiveCfg = Debug|Win32
		{17D2D55B-47E3-48A0-AA28-23489BD74F74}.Debug|x86.Build.0 = Debug|Win32
		{17D2D55B-47E3-48A0-AA28-23489BD74F74}.Release|x64.ActiveCfg = Release|x64
		{17D2D55B-47E3-48A0-AA28-23489BD74F74}.Release|x64.Build.0 = Release|x64
		{17D2D55B-47E3-48A0-AA28-23489BD74F74}.Release|x86.ActiveCfg = Release|Win32
		{17D2D55B-47E3-48A0-AA28-23489BD74F74}.Release|x86.Build.0 = Release|Win32
		{7B5551AF-7746-4DF9-9106-95776C6E5216}.Debug|x64.ActiveCfg = Debug|x64
		{7B5551AF-7746-4DF9-9106-95776C6E5216}.Debug|x64.Build.0 = Debug|x64
		{7B5551AF-7746-4DF9-9106-95776C6E5216}.Debug|x86.ActiveCfg = Debug|Win32
		{7B5551AF-7746-4DF9-9106-95776C6E5216}.Debug|x86.Build.0 = Debug|Win32
		{7B5551AF-7746-4DF9-9106-95776C6E5216}.Release|x64.ActiveCfg = Release|x64
		{7B5551AF-7746-4DF9-9106-95776C6E5216}.Release|x64.Build.0 = Release|x64
		{7B5551AF-7746-4DF9-9106-95776C6E5216}.Release|x86.ActiveCfg = Release|Win32
		{7B5551AF-7746-4DF9-9106-95776C6E5216}.Release|x86.Build.0 = Release|Win32
		{6ACC5023-0C0C-4300-9F95-08456955B212}.Debug|x64.ActiveCfg = Debug|x64
		{6ACC5023-0C0C-4300-9F95-08456955B212}.Debug|x64.Build.0 = Debug|x64
		{6ACC5023-0C0C-4300-9F95-08456955B212}.Debug|x86.ActiveCfg = Debug|Win32
		{6ACC5023-0C0C-4300-9F95-08456955B212}.Debug|x86.Build.0 = Debug|Win32
		{6ACC5023-0C0C-4300-9F95-08456955B212}.Release|x64.ActiveCfg = Release|x64
		{6ACC5023-0C0C-4300-9F95-08456955B212}.Release|x64.Build.0 = Release|x64
		{6ACC5023-0C0C-4300-9F95-08456955B212}.Release|x86.ActiveCfg = Release|Win32
		{6ACC5023-0C0C-4300-9F95-08456955B212}.Release|x86.Build.0 = Release|Win32
		{E32E2A06-4752-4BDC-86E0-8E449D29247F}.Debug|x64.ActiveCfg = Debug|x64
		{E32E2A06-4752-4BDC-86E0-8E449D29247F}.Debug|x64.Build.0 = Debug|x64
		{E32E2A06-4752-4BDC-86E0-8E449D29247F}.Debug|x86.ActiveCfg = Debug|Win32
		{E32E2A06-4752-4BDC-86E0-8E449D29247F}.Debug|x86.Build.0 = Debug|Win32
		{E32E2A06-4752-4BDC-86E0-8E449D29247F}.Release|x64.ActiveCfg = Release|x64
		{E32E2A06-4752-4BDC-86E0-8E449D29247F}.Release|x64.Build.0 = Release|x64
		{E32E2A06-4752-4BDC-86E0-8E449D29247F}.Release|x86.ActiveCfg = Release|Win32
		{E32E2A06-4752-4BDC-86E0-8E449D29247F}.Release|x86.Build.0 = Release|Win32
		{1CA9391C-B30B-4B49-A203-7AFE42812A3B}.Debug|x64.ActiveCfg = Debug|x64
		{1CA9391C-B30B-4B49-A203-7AFE42812A3B}.Debug|x64.Build.0 = Debug|x64
		{1CA9391C-B30B-4B49-A203-7AFE42812A3B}.Debug|x86.ActiveCfg = Debug|Win32
		{1CA9391C-B30B-4B49-A203-7AFE42812A3B}.Debug|x86.Build.0 = Debug|Win32
		{1CA9391C-B30B-4B49-A203-7AFE42812A3B}.Release|x64.ActiveCfg = Release|x64
		{1CA9391C-B30B-4B49-A203-7AFE42812A3B}.Release|x64.Build.0 = Release|x64
		{1CA9391C-B30B-4B49-A203-7AFE42812A3B}.Release|x86.ActiveCfg = Release|Win32
		{1CA9391C-B30B-4B49-A203-7AFE42812A3B}.Release|x86.Build.0 = Release|Win32
		{0A7EBC99-EFDD-491F-B7D6-9DA021F0F0AC}.Debug|x64.ActiveCfg = Debug|x64
		{0A7EBC99-EFDD-491F-B7D6-9DA021F0F0AC}.Debug|x64.Build.0 = Debug|x64
		{0A7EBC99-EFDD-491F-B7D6-9DA021F0F0AC}.Debug|x86.ActiveCfg = Debug|Win32
		{0A7EBC99-EFDD-491F-B7D6-9DA021F0F0AC}.Debug|x86.Build.0 = Debug|Win32
		{0A7EBC99-EFDD-491F-B7D6-9DA021F0F0AC}.Release|x64.ActiveCfg = Release|x64
		{0A7EBC99-EFDD-491F-B7D6-9DA021F0F0AC}.Release|x64.Build.0 = Release|x64
		{0A7EBC99-EFDD-491F-B7D6-9DA021F0F0AC}.Release|x86.ActiveCfg = Release|Win32
		{0A7EBC99-EFDD-491F-B7D6-9DA021F0F0AC}.Release|x86.Build.0 = Release|Win32
		{5289627C-A133-497E-A414-A3A811EC5922}.Debug|x64.ActiveCfg = Debug|x64
		{5289627C-A133-497E-A414-A3A811EC5922}.Debug|x64.Build.0 = Debug|x64
		{5289627C-A133-497E-A414-A3A811EC5922}.Debug|x86.ActiveCfg = Debug|Win32
		{5289627C-A133-497E-A414-A3A811EC5922}.Debug|x86.Build.0 = Debug|Win32
		{5289627C-A133-497E-A414-A3A811EC5922}.Release|x64.ActiveCfg = Release|x64
		{5289627C-A133-497E-A414-A3A811EC5922}.Release|x64.Build.0 = Release|x64
		{5289627C-A133-497E-A414-A3A811EC5922}.Release|x86.ActiveCfg = Release|Win32
		{5289627C-A133-497E-A414-A3A811EC5922}.Release|x86.Build.0 = Release|Win32
		{41008355-A74A-44CC-AFCD-EB8E41E5D393}.Debug|x64.ActiveCfg = Debug|x64
		{41008355-A74A-44CC-AFCD-EB8E41E5D393}.Debug|x64.Build.0 = Debug|x64
		{41008355-A74A-44CC-AFCD-EB8E41E5D393}.Debug|x86.ActiveCfg = Debug|Win32
		{41008355-A74A-44CC-AFCD-EB8E41E5D393}.Debug|x86.Build.0 = Debug|Win32
		{41008355-A74A-44CC-AFCD-EB8E41E5D393}.Release|x64.ActiveCfg = Release|x64
		{41008355-A74A-44CC-AFCD-EB8E41E5D393}.Release|x64.Build.0 = Release|x64
		{41008355-A74A-44CC-AFCD-EB8E41E5D393}.Release|x86.ActiveCfg = Release|Win32
		{41008355-A74A-44CC-AFCD-EB8E41E5D393}.Release|x86.Build.0 = Release|Win32
		{C4DD3AE9-7EA8-44F9-B8B7-252B7D93515C}.Debug|x64.ActiveCfg = Debug|x64
		{C4DD3AE9-7EA8-44F9-B8B7-252B7D93515C}.Debug|x64.Build.0 = Debug|x64
		{C4DD3AE9-7EA8-44F9-B8B7-252B7D93515C}.Debug|x86.ActiveCfg = Debug|Win32
		{C4DD3AE9-7EA8-44F9-B8B7-252B7D93515C}.Debug|x86.Build.0 = Debug|Win32
		{C4DD3AE9-7EA8-44F9-B8B7-252B7D93515C}.Release|x64.ActiveCfg = Release|x64
		{C4DD3AE9-7EA8-44F9-B8B7-252B7D93515C}.Release|x64.Build.0 = Release|x64
		{C4DD3AE9-7EA8-44F9-B8B7-252B7D93515C}.Release|x86.ActiveCfg = Release|Win32
		{C4DD3AE9-7EA8-44F9-B8B7-252B7D93515C}.Release|x86.Build.0 = Release|Win32
		{0453B82D-29B4-4C2C-9FA3-00B899AAB65F}.Debug|x64.ActiveCfg = Debug|x64
		{0453B82D-29B4-4C2C-9FA3-00B899AAB65F}.Debug|x64.Build.0 = Debug|x64
		{0453B82D-29B4-4C2C-9FA3-00B899AAB65F}.Debug|x86.ActiveCfg = Debug|Win32
		{0453B82D-29B4-4C2C-9FA3-00B899AAB65F}.Debug|x86.Build.0 = Debug|Win32
		{0453B82D-29B4-4C2C-9FA3-00B899AAB65F}.Release|x64.ActiveCfg = Release|x64
		{0453B82D-29B4-4C2C-9FA3-00B899AAB65F}.Release|x64.Build.0 = Release|x64
		{0453B82D-29B4-4C2C-9FA3-00B899AAB65F}.Release|x86.ActiveCfg = Release|Win32
		{0453B82D-29B4-4C2C-9FA3-00B899AAB65F}.Release|x86.Build.0 = Release|Win32
		{6A0D6616-5785-48EF-9A84-D3B7390347ED}.Debug|x64.ActiveCfg = Debug|x64
		{6A0D6616-5785-48EF-9A84-D3B7390347ED}.Debug|x64.Build.0 = Debug|x64
		{6A0D6616-5785-48EF-9A84-D3B7390347ED}.Debug|x86.ActiveCfg = Debug|Win32
		{6A0D6616-5785-48EF-9A84-D3B7390347ED}.Debug|x86.Build.0 = Debug|Win32
		{6A0D6616-5785-48EF-9A84-D3B7390347ED}.Release|x64.ActiveCfg = Release|x64
		{6A0D6616-5785-48EF-9A84-D3B7390347ED}.Release|x64.Build.0 = Release|x64
		{6A0D6616-5785-48EF-9A84-D3B7390347ED}.Release|x86.ActiveCfg = Release|Win32
		{6A0D6616-5785-48EF-9A84-D3B7390347ED}.Release|x86.Build.0 = Release|Win32
		{5A8E1E4C-596C-478E-8DF1-F3A99577EB00}.Debug|x64.ActiveCfg = Debug|x64
		{5A8E1E4C-596C-478E-8DF1-F3A99577EB00}.Debug|x64.Build.0 = Debug|x64
		{5A8E1E4C-596C-478E-8DF1-F3A99577EB00}.Debug|x86.ActiveCfg = Debug|Win32
		{5A8E1E4C-596C-478E-8DF1-F3A99577EB00}.Debug|x86.Build.0 = Debug|Win32
		{5A8E1E4C-596C-478E-8DF1-F3A99577EB00}.Release|x64.ActiveCfg = Release|x64
		{5A8E1E4C-596C-478E-8DF1-F3A99577EB00}.Release|x64.Build.0 = Release|x64
		{5A8E1E4C-596C-478E-8DF1-F3A99577EB00}.Release|x86.ActiveCfg = Release|Win32
		{5A8E1E4C-596C-478E-8DF1-F3A99577EB00}.Release|x86.Build.0 = Release|Win32
		{B7B7036B-AE10-464B-95C2-D9BC521C55D4}.Debug|x64.ActiveCfg = Debug|x64
		{B7B7036B-AE10-464B-95C2-D9BC521C55D4}.Debug|x64.Build.0 = Debug|x64
		{B7B7036B-AE10-464B-95C2-D9BC521C55D4}.Debug|x86.ActiveCfg = Debug|Win32
		{B7B7036B-AE10-464B-95C2-D9BC521C55D4}.Debug|x86.Build.0 = Debug|Win32
		{B7B7036B-AE10-464B-95C2-D9BC521C55D4}.Release|x64.ActiveCfg = Release|x64
		{B7B7036B-AE10-464B-95C2-D9BC521C55D4}.Release|x64.Build.0 = Release|x64
		{B7B7036B-AE10-464B-95C2-D9BC521C55D4}.Release|x86.ActiveCfg = Release|Win32
		{B7B7036B-AE10-464B-95C2-D9BC521C55D4}.Release|x86.Build.0 = Release|Win32
		{F8EE55A4-E1CC-41BD-B3E3-FCD7B344B45F}.Debug|x64.ActiveCfg = Debug|x64
		{F8EE55A4-E1CC-41BD-B3E3-FCD7B344B45F}.Debug|x64.Build.0 = Debug|x64
		{F8EE55A4-E1CC-41BD-B3E3-FCD7B344B45F}.Debug|x86.ActiveCfg = Debug|Win32
		{F8EE55A4-E1CC-41BD-B3E3-FCD7B344B45F}.Debug|x86.Build.0 = Debug|Win32
		{F8EE55A4-E1CC-41BD-B3E3-FCD7B344B45F}.Release|x64.ActiveCfg = Release|x64
		{F8EE55A4-E1CC-41BD-B3E3-FCD7B344B45F}.Release|x64.Build.0 = Release|x64
		{F8EE55A4-E1CC-41BD-B3E3-FCD7B344B45F}.Release|x86.ActiveCfg = Release|Win32
		{F8EE55A4-E1CC-41BD-B3E3-FCD7B344B45F}.Release|x86.Build.0 = Release|Win32
		{251BF3F1-7BE2-4DE0-9317-17D11F317AB7}.Debug|x64.ActiveCfg = Debug|x64
		{251BF3F1-7BE2-4DE0-9317-17D11F317AB7}.Debug|x64.Build.0 = Debug|x64
		{251BF3F1-7BE2-4DE0-9317-17D11F317AB7}.Debug|x86.ActiveCfg = Debug|Win32
		{251BF3F1-7BE2-4DE0-9317-17D11F317AB7}.Debug|x86.Build.0 = Debug|Win32
		{251BF3F1-7BE2-4DE0-9317-17D11F317AB7}.Release|x64.ActiveCfg = Release|x64
		{251BF3F1-7BE2-4DE0-9317-17D11F317AB7}.Release|x64.Build.0 = Release|x64
		{251BF3F1-7BE2-4DE0-9317-17D11F317AB7}.Release|x86.ActiveCfg = Release|Win32
		{251BF3F1-7BE2-4DE0-9317-17D11F317AB7}.Release|x86.Build.0 = Release|Win32
		{6EAD1828-2167-47E3-A637-DDE335D72F1F}.Debug|x64.ActiveCfg = Debug|x64
		{6EAD1828-2167-47E3-A637-DDE335D72F1F}.Debug|x64.Build.0 = Debug|x64
		{6EAD1828-2167-47E3-A637-DDE335D72F1F}.Debug|x86.ActiveCfg = Debug|Win32
		{6EAD1828-2167-47E3-A637-DDE335D72F1F}.Debug|x86.Build.0 = Debug|Win32
		{6EAD1828-2167-47E3-A637-DDE335D72F1F}.Release|x64.ActiveCfg = Release|x64
		{6EAD1828-2167-47E3-A637-DDE335D72F1F}.Release|x64.Build.0 = Release|x64
		{6EAD1828-2167-47E3-A637-DDE335D72F1F}.Release|x86.ActiveCfg = Release|Win32
		{6EAD1828-2167-47E3-A637-DDE335D72F1F}.Release|x86.Build.0 = Release|Win32
	EndGlobalSection
	GlobalSection(SolutionProperties) = preSolution
		HideSolutionNode = FALSE
	EndGlobalSection
	GlobalSection(NestedProjects) = preSolution
		{C79D939A-D4BE-4554-A86C-9AB34BF4693A} = {8FAD4C80-6E6C-40A7-9077-4F66039CF2ED}
		{7851DAD9-AF7E-4682-8DC5-4CAC96FECF21} = {8FAD4C80-6E6C-40A7-9077-4F66039CF2ED}
		{71EE06FB-4A53-4FDC-8283-E1FBBF8A8C45} = {EF11A7AF-8E59-4B6B-AE91-5432AF6354B6}
		{8C78EA9F-CBE0-4EB2-824B-35313AD6C683} = {EF11A7AF-8E59-4B6B-AE91-5432AF6354B6}
		{17D2D55B-47E3-48A0-AA28-23489BD74F74} = {B1E9D326-DF12-4BB4-91E2-0A97D0BC0B92}
		{B1E9D326-DF12-4BB4-91E2-0A97D0BC0B92} = {691CAFEB-F300-45F2-B5FF-0A4B397A13AC}
		{EF11A7AF-8E59-4B6B-AE91-5432AF6354B6} = {691CAFEB-F300-45F2-B5FF-0A4B397A13AC}
		{8FAD4C80-6E6C-40A7-9077-4F66039CF2ED} = {691CAFEB-F300-45F2-B5FF-0A4B397A13AC}
		{30A97A84-E127-42E2-918D-BBB121967D31} = {691CAFEB-F300-45F2-B5FF-0A4B397A13AC}
		{7B5551AF-7746-4DF9-9106-95776C6E5216} = {01CA58FD-E518-4BE9-B2C5-3935D849B9D6}
		{6ACC5023-0C0C-4300-9F95-08456955B212} = {01CA58FD-E518-4BE9-B2C5-3935D849B9D6}
		{01CA58FD-E518-4BE9-B2C5-3935D849B9D6} = {691CAFEB-F300-45F2-B5FF-0A4B397A13AC}
		{E32E2A06-4752-4BDC-86E0-8E449D29247F} = {B1E9D326-DF12-4BB4-91E2-0A97D0BC0B92}
		{62C2A1CB-A970-4067-9D7F-4D3E1EFD2AAB} = {691CAFEB-F300-45F2-B5FF-0A4B397A13AC}
		{12D01330-80C8-46D2-8E6A-AD7C7D220FE6} = {691CAFEB-F300-45F2-B5FF-0A4B397A13AC}
		{1CA9391C-B30B-4B49-A203-7AFE42812A3B} = {30A97A84-E127-42E2-918D-BBB121967D31}
		{0A7EBC99-EFDD-491F-B7D6-9DA021F0F0AC} = {30A97A84-E127-42E2-918D-BBB121967D31}
		{5289627C-A133-497E-A414-A3A811EC5922} = {30A97A84-E127-42E2-918D-BBB121967D31}
		{41008355-A74A-44CC-AFCD-EB8E41E5D393} = {62C2A1CB-A970-4067-9D7F-4D3E1EFD2AAB}
		{C4DD3AE9-7EA8-44F9-B8B7-252B7D93515C} = {62C2A1CB-A970-4067-9D7F-4D3E1EFD2AAB}
		{AD09D710-5FEF-425A-BE84-E36569CD9AD7} = {691CAFEB-F300-45F2-B5FF-0A4B397A13AC}
		{0453B82D-29B4-4C2C-9FA3-00B899AAB65F} = {12E8CB77-7742-49E9-A013-2B195BE17CF3}
		{6A0D6616-5785-48EF-9A84-D3B7390347ED} = {12E8CB77-7742-49E9-A013-2B195BE17CF3}
		{5A8E1E4C-596C-478E-8DF1-F3A99577EB00} = {12D01330-80C8-46D2-8E6A-AD7C7D220FE6}
		{B7B7036B-AE10-464B-95C2-D9BC521C55D4} = {12D01330-80C8-46D2-8E6A-AD7C7D220FE6}
		{1426807E-5D55-428D-8EE9-CD841C56CD53} = {30A97A84-E127-42E2-918D-BBB121967D31}
		{12E8CB77-7742-49E9-A013-2B195BE17CF3} = {AD09D710-5FEF-425A-BE84-E36569CD9AD7}
		{8C691134-057A-42C6-996E-CE7B7ED74847} = {AD09D710-5FEF-425A-BE84-E36569CD9AD7}
		{F8EE55A4-E1CC-41BD-B3E3-FCD7B344B45F} = {8C691134-057A-42C6-996E-CE7B7ED74847}
		{251BF3F1-7BE2-4DE0-9317-17D11F317AB7} = {8C691134-057A-42C6-996E-CE7B7ED74847}
		{6EAD1828-2167-47E3-A637-DDE335D72F1F} = {8C691134-057A-42C6-996E-CE7B7ED74847}
	EndGlobalSection
	GlobalSection(ExtensibilityGlobals) = postSolution
		SolutionGuid = {7D0430E5-64CD-49E2-945E-1F752E0FC230}
	EndGlobalSection
EndGlobal
